
Microsoft Visual Studio Solution File, Format Version 12.00
# Visual Studio Version 16
VisualStudioVersion = 16.0.30114.105
MinimumVisualStudioVersion = 10.0.40219.1
Project("{2150E333-8FDC-42A3-9474-1A3956D46DE8}") = "src", "src", "{35BB2470-0BD4-4CAD-BCA8-63562FFBE583}"
EndProject
Project("{FAE04EC0-301F-11D3-BF4B-00C04F79EFBC}") = "creational.factoryMethod", "src\Creational.FactoryMethod\creational.factoryMethod.csproj", "{7E7E3F15-2220-45CC-AB0E-6ADF57AD6540}"
EndProject
Global
	GlobalSection(SolutionConfigurationPlatforms) = preSolution
		Debug|Any CPU = Debug|Any CPU
		Debug|x64 = Debug|x64
		Debug|x86 = Debug|x86
		Release|Any CPU = Release|Any CPU
		Release|x64 = Release|x64
		Release|x86 = Release|x86
	EndGlobalSection
	GlobalSection(SolutionProperties) = preSolution
		HideSolutionNode = FALSE
	EndGlobalSection
	GlobalSection(ProjectConfigurationPlatforms) = postSolution
		{0D1EA40E-C41A-4198-B298-863E94EDAC3A}.Debug|Any CPU.ActiveCfg = Debug|Any CPU
		{0D1EA40E-C41A-4198-B298-863E94EDAC3A}.Debug|Any CPU.Build.0 = Debug|Any CPU
		{0D1EA40E-C41A-4198-B298-863E94EDAC3A}.Debug|x64.ActiveCfg = Debug|Any CPU
		{0D1EA40E-C41A-4198-B298-863E94EDAC3A}.Debug|x64.Build.0 = Debug|Any CPU
		{0D1EA40E-C41A-4198-B298-863E94EDAC3A}.Debug|x86.ActiveCfg = Debug|Any CPU
		{0D1EA40E-C41A-4198-B298-863E94EDAC3A}.Debug|x86.Build.0 = Debug|Any CPU
		{0D1EA40E-C41A-4198-B298-863E94EDAC3A}.Release|Any CPU.ActiveCfg = Release|Any CPU
		{0D1EA40E-C41A-4198-B298-863E94EDAC3A}.Release|Any CPU.Build.0 = Release|Any CPU
		{0D1EA40E-C41A-4198-B298-863E94EDAC3A}.Release|x64.ActiveCfg = Release|Any CPU
		{0D1EA40E-C41A-4198-B298-863E94EDAC3A}.Release|x64.Build.0 = Release|Any CPU
		{0D1EA40E-C41A-4198-B298-863E94EDAC3A}.Release|x86.ActiveCfg = Release|Any CPU
		{0D1EA40E-C41A-4198-B298-863E94EDAC3A}.Release|x86.Build.0 = Release|Any CPU
		{F487C98D-6253-431C-91EA-C694570CF69F}.Debug|Any CPU.ActiveCfg = Debug|Any CPU
		{F487C98D-6253-431C-91EA-C694570CF69F}.Debug|Any CPU.Build.0 = Debug|Any CPU
		{F487C98D-6253-431C-91EA-C694570CF69F}.Debug|x64.ActiveCfg = Debug|Any CPU
		{F487C98D-6253-431C-91EA-C694570CF69F}.Debug|x64.Build.0 = Debug|Any CPU
		{F487C98D-6253-431C-91EA-C694570CF69F}.Debug|x86.ActiveCfg = Debug|Any CPU
		{F487C98D-6253-431C-91EA-C694570CF69F}.Debug|x86.Build.0 = Debug|Any CPU
		{F487C98D-6253-431C-91EA-C694570CF69F}.Release|Any CPU.ActiveCfg = Release|Any CPU
		{F487C98D-6253-431C-91EA-C694570CF69F}.Release|Any CPU.Build.0 = Release|Any CPU
		{F487C98D-6253-431C-91EA-C694570CF69F}.Release|x64.ActiveCfg = Release|Any CPU
		{F487C98D-6253-431C-91EA-C694570CF69F}.Release|x64.Build.0 = Release|Any CPU
		{F487C98D-6253-431C-91EA-C694570CF69F}.Release|x86.ActiveCfg = Release|Any CPU
		{F487C98D-6253-431C-91EA-C694570CF69F}.Release|x86.Build.0 = Release|Any CPU
		{7E7E3F15-2220-45CC-AB0E-6ADF57AD6540}.Debug|Any CPU.ActiveCfg = Debug|Any CPU
		{7E7E3F15-2220-45CC-AB0E-6ADF57AD6540}.Debug|Any CPU.Build.0 = Debug|Any CPU
		{7E7E3F15-2220-45CC-AB0E-6ADF57AD6540}.Debug|x64.ActiveCfg = Debug|Any CPU
		{7E7E3F15-2220-45CC-AB0E-6ADF57AD6540}.Debug|x64.Build.0 = Debug|Any CPU
		{7E7E3F15-2220-45CC-AB0E-6ADF57AD6540}.Debug|x86.ActiveCfg = Debug|Any CPU
		{7E7E3F15-2220-45CC-AB0E-6ADF57AD6540}.Debug|x86.Build.0 = Debug|Any CPU
		{7E7E3F15-2220-45CC-AB0E-6ADF57AD6540}.Release|Any CPU.ActiveCfg = Release|Any CPU
		{7E7E3F15-2220-45CC-AB0E-6ADF57AD6540}.Release|Any CPU.Build.0 = Release|Any CPU
		{7E7E3F15-2220-45CC-AB0E-6ADF57AD6540}.Release|x64.ActiveCfg = Release|Any CPU
		{7E7E3F15-2220-45CC-AB0E-6ADF57AD6540}.Release|x64.Build.0 = Release|Any CPU
		{7E7E3F15-2220-45CC-AB0E-6ADF57AD6540}.Release|x86.ActiveCfg = Release|Any CPU
		{7E7E3F15-2220-45CC-AB0E-6ADF57AD6540}.Release|x86.Build.0 = Release|Any CPU
	EndGlobalSection
	GlobalSection(NestedProjects) = preSolution
		{F487C98D-6253-431C-91EA-C694570CF69F} = {E638E607-D17A-45D7-96CE-BAEDC4490746}
		{7E7E3F15-2220-45CC-AB0E-6ADF57AD6540} = {35BB2470-0BD4-4CAD-BCA8-63562FFBE583}
	EndGlobalSection
EndGlobal
